{
  "name": "redux-simple-starter",
  "version": "1.0.0",
  "lockfileVersion": 1,
  "dependencies": {
    "axios": {
      "version": "0.7.0",
      "resolved": "https://registry.npmjs.org/axios/-/axios-0.7.0.tgz",
      "integrity": "sha1-SJwmkETVBm36LGTHScsTGxdvSno="
    },
    "youtube-api-search": {
      "version": "0.0.5",
      "resolved": "https://registry.npmjs.org/youtube-api-search/-/youtube-api-search-0.0.5.tgz",
      "integrity": "sha1-ndaG3nYv8lBKkCiMV/zlo3BkMAI="
    }
  }
}
